
Microsoft Visual Studio Solution File, Format Version 12.00
# Visual Studio Version 17
VisualStudioVersion = 17.3.32929.385
MinimumVisualStudioVersion = 10.0.40219.1
Project("{FAE04EC0-301F-11D3-BF4B-00C04F79EFBC}") = "ChartDemo", "ChartDemo\ChartDemo.csproj", "{AF77BF8F-5E1C-48E9-A38D-694C8E1714CC}"
EndProject
Global
	GlobalSection(SolutionConfigurationPlatforms) = preSolution
		Debug|Any CPU = Debug|Any CPU
		Release|Any CPU = Release|Any CPU
	EndGlobalSection
	GlobalSection(ProjectConfigurationPlatforms) = postSolution
		{AF77BF8F-5E1C-48E9-A38D-694C8E1714CC}.Debug|Any CPU.ActiveCfg = Debug|Any CPU
		{AF77BF8F-5E1C-48E9-A38D-694C8E1714CC}.Debug|Any CPU.Build.0 = Debug|Any CPU
		{AF77BF8F-5E1C-48E9-A38D-694C8E1714CC}.Release|Any CPU.ActiveCfg = Release|Any CPU
		{AF77BF8F-5E1C-48E9-A38D-694C8E1714CC}.Release|Any CPU.Build.0 = Release|Any CPU
	EndGlobalSection
	GlobalSection(SolutionProperties) = preSolution
		HideSolutionNode = FALSE
	EndGlobalSection
	GlobalSection(ExtensibilityGlobals) = postSolution
		SolutionGuid = {0CF83DDF-BD6D-47C6-8927-525B5F8C279F}
	EndGlobalSection
EndGlobal
